
Microsoft Visual Studio Solution File, Format Version 12.00
# Visual Studio Version 16
VisualStudioVersion = 16.0.30204.135
MinimumVisualStudioVersion = 10.0.40219.1
Project("{FAE04EC0-301F-11D3-BF4B-00C04F79EFBC}") = "WPF_RobloxChromaMod", "WPF_RobloxChromaMod.csproj", "{97085514-2D48-40A0-8E47-FD4BFC4F09D9}"
EndProject
Global
	GlobalSection(SolutionConfigurationPlatforms) = preSolution
		Debug|Any CPU = Debug|Any CPU
		Release|Any CPU = Release|Any CPU
	EndGlobalSection
	GlobalSection(ProjectConfigurationPlatforms) = postSolution
		{97085514-2D48-40A0-8E47-FD4BFC4F09D9}.Debug|Any CPU.ActiveCfg = Debug|Any CPU
		{97085514-2D48-40A0-8E47-FD4BFC4F09D9}.Debug|Any CPU.Build.0 = Debug|Any CPU
		{97085514-2D48-40A0-8E47-FD4BFC4F09D9}.Release|Any CPU.ActiveCfg = Release|Any CPU
		{97085514-2D48-40A0-8E47-FD4BFC4F09D9}.Release|Any CPU.Build.0 = Release|Any CPU
	EndGlobalSection
	GlobalSection(SolutionProperties) = preSolution
		HideSolutionNode = FALSE
	EndGlobalSection
	GlobalSection(ExtensibilityGlobals) = postSolution
		SolutionGuid = {1EAFD8AB-E6A1-4C20-A0D7-C3C6A8A836E1}
	EndGlobalSection
EndGlobal
